
Microsoft Visual Studio Solution File, Format Version 12.00
# Visual Studio Version 16
VisualStudioVersion = 16.0.33027.164
MinimumVisualStudioVersion = 10.0.40219.1
Project("{FAE04EC0-301F-11D3-BF4B-00C04F79EFBC}") = "Zap2Go.Types", "Zap2Go.Types\Zap2Go.Types.csproj", "{4BC8EF28-C653-4BA3-B4B3-404634E958E7}"
EndProject
Project("{FAE04EC0-301F-11D3-BF4B-00C04F79EFBC}") = "Zap2Go.DemoService", "Zap2Go.DemoService\Zap2Go.DemoService.csproj", "{2E873216-BF74-4840-BBEC-CED3F5B4AD6B}"
EndProject
Project("{FAE04EC0-301F-11D3-BF4B-00C04F79EFBC}") = "Zap2Go.DemoConnector", "Zap2Go.DemoConnector\Zap2Go.DemoConnector.csproj", "{28531F36-44AC-442E-B1CB-D387A14EDF2F}"
EndProject
Global
	GlobalSection(SolutionConfigurationPlatforms) = preSolution
		Debug|Any CPU = Debug|Any CPU
		Release|Any CPU = Release|Any CPU
	EndGlobalSection
	GlobalSection(ProjectConfigurationPlatforms) = postSolution
		{4BC8EF28-C653-4BA3-B4B3-404634E958E7}.Debug|Any CPU.ActiveCfg = Debug|Any CPU
		{4BC8EF28-C653-4BA3-B4B3-404634E958E7}.Debug|Any CPU.Build.0 = Debug|Any CPU
		{4BC8EF28-C653-4BA3-B4B3-404634E958E7}.Release|Any CPU.ActiveCfg = Release|Any CPU
		{4BC8EF28-C653-4BA3-B4B3-404634E958E7}.Release|Any CPU.Build.0 = Release|Any CPU
		{2E873216-BF74-4840-BBEC-CED3F5B4AD6B}.Debug|Any CPU.ActiveCfg = Debug|Any CPU
		{2E873216-BF74-4840-BBEC-CED3F5B4AD6B}.Debug|Any CPU.Build.0 = Debug|Any CPU
		{2E873216-BF74-4840-BBEC-CED3F5B4AD6B}.Release|Any CPU.ActiveCfg = Release|Any CPU
		{2E873216-BF74-4840-BBEC-CED3F5B4AD6B}.Release|Any CPU.Build.0 = Release|Any CPU
		{28531F36-44AC-442E-B1CB-D387A14EDF2F}.Debug|Any CPU.ActiveCfg = Debug|Any CPU
		{28531F36-44AC-442E-B1CB-D387A14EDF2F}.Debug|Any CPU.Build.0 = Debug|Any CPU
		{28531F36-44AC-442E-B1CB-D387A14EDF2F}.Release|Any CPU.ActiveCfg = Release|Any CPU
		{28531F36-44AC-442E-B1CB-D387A14EDF2F}.Release|Any CPU.Build.0 = Release|Any CPU
	EndGlobalSection
	GlobalSection(SolutionProperties) = preSolution
		HideSolutionNode = FALSE
	EndGlobalSection
	GlobalSection(ExtensibilityGlobals) = postSolution
		SolutionGuid = {916AD05B-65D9-4CC6-9D86-ACE1A648E517}
	EndGlobalSection
EndGlobal
